
Microsoft Visual Studio Solution File, Format Version 12.00
# Visual Studio Version 17
VisualStudioVersion = 17.13.35825.156
MinimumVisualStudioVersion = 10.0.40219.1
Project("{8BC9CEB8-8B4A-11D0-8D11-00A0C91BC942}") = "IntroductionToOOP", "IntroductionToOOP\IntroductionToOOP.vcxproj", "{E4607927-5FD8-4AB8-AAF6-83A61186A705}"
EndProject
Project("{8BC9CEB8-8B4A-11D0-8D11-00A0C91BC942}") = "Class Fraction", "Class Fraction\Class Fraction.vcxproj", "{F75D7F4B-B91F-4B6E-BB64-2749226791A4}"
EndProject
Project("{8BC9CEB8-8B4A-11D0-8D11-00A0C91BC942}") = "String", "String\String.vcxproj", "{E9FF8D64-4B72-42E0-A0AF-CDA8812AADA1}"
EndProject
Global
	GlobalSection(SolutionConfigurationPlatforms) = preSolution
		Debug|x64 = Debug|x64
		Debug|x86 = Debug|x86
		Release|x64 = Release|x64
		Release|x86 = Release|x86
	EndGlobalSection
	GlobalSection(ProjectConfigurationPlatforms) = postSolution
		{E4607927-5FD8-4AB8-AAF6-83A61186A705}.Debug|x64.ActiveCfg = Debug|x64
		{E4607927-5FD8-4AB8-AAF6-83A61186A705}.Debug|x64.Build.0 = Debug|x64
		{E4607927-5FD8-4AB8-AAF6-83A61186A705}.Debug|x86.ActiveCfg = Debug|Win32
		{E4607927-5FD8-4AB8-AAF6-83A61186A705}.Debug|x86.Build.0 = Debug|Win32
		{E4607927-5FD8-4AB8-AAF6-83A61186A705}.Release|x64.ActiveCfg = Release|x64
		{E4607927-5FD8-4AB8-AAF6-83A61186A705}.Release|x64.Build.0 = Release|x64
		{E4607927-5FD8-4AB8-AAF6-83A61186A705}.Release|x86.ActiveCfg = Release|Win32
		{E4607927-5FD8-4AB8-AAF6-83A61186A705}.Release|x86.Build.0 = Release|Win32
		{F75D7F4B-B91F-4B6E-BB64-2749226791A4}.Debug|x64.ActiveCfg = Debug|x64
		{F75D7F4B-B91F-4B6E-BB64-2749226791A4}.Debug|x64.Build.0 = Debug|x64
		{F75D7F4B-B91F-4B6E-BB64-2749226791A4}.Debug|x86.ActiveCfg = Debug|Win32
		{F75D7F4B-B91F-4B6E-BB64-2749226791A4}.Debug|x86.Build.0 = Debug|Win32
		{F75D7F4B-B91F-4B6E-BB64-2749226791A4}.Release|x64.ActiveCfg = Release|x64
		{F75D7F4B-B91F-4B6E-BB64-2749226791A4}.Release|x64.Build.0 = Release|x64
		{F75D7F4B-B91F-4B6E-BB64-2749226791A4}.Release|x86.ActiveCfg = Release|Win32
		{F75D7F4B-B91F-4B6E-BB64-2749226791A4}.Release|x86.Build.0 = Release|Win32
		{E9FF8D64-4B72-42E0-A0AF-CDA8812AADA1}.Debug|x64.ActiveCfg = Debug|x64
		{E9FF8D64-4B72-42E0-A0AF-CDA8812AADA1}.Debug|x64.Build.0 = Debug|x64
		{E9FF8D64-4B72-42E0-A0AF-CDA8812AADA1}.Debug|x86.ActiveCfg = Debug|Win32
		{E9FF8D64-4B72-42E0-A0AF-CDA8812AADA1}.Debug|x86.Build.0 = Debug|Win32
		{E9FF8D64-4B72-42E0-A0AF-CDA8812AADA1}.Release|x64.ActiveCfg = Release|x64
		{E9FF8D64-4B72-42E0-A0AF-CDA8812AADA1}.Release|x64.Build.0 = Release|x64
		{E9FF8D64-4B72-42E0-A0AF-CDA8812AADA1}.Release|x86.ActiveCfg = Release|Win32
		{E9FF8D64-4B72-42E0-A0AF-CDA8812AADA1}.Release|x86.Build.0 = Release|Win32
	EndGlobalSection
	GlobalSection(SolutionProperties) = preSolution
		HideSolutionNode = FALSE
	EndGlobalSection
	GlobalSection(ExtensibilityGlobals) = postSolution
		SolutionGuid = {B2E89DED-B50D-4BDC-AEC4-85917F95CD2E}
	EndGlobalSection
EndGlobal
